
Microsoft Visual Studio Solution File, Format Version 12.00
# Visual Studio Version 17
VisualStudioVersion = 17.11.35327.3
MinimumVisualStudioVersion = 10.0.40219.1
Project("{FAE04EC0-301F-11D3-BF4B-00C04F79EFBC}") = "ListaAtividades", "ListaAtividades.csproj", "{11929FEC-F033-41F0-B0B6-6857FCD929D2}"
EndProject
Global
	GlobalSection(SolutionConfigurationPlatforms) = preSolution
		Debug|Any CPU = Debug|Any CPU
		Release|Any CPU = Release|Any CPU
	EndGlobalSection
	GlobalSection(ProjectConfigurationPlatforms) = postSolution
		{11929FEC-F033-41F0-B0B6-6857FCD929D2}.Debug|Any CPU.ActiveCfg = Debug|Any CPU
		{11929FEC-F033-41F0-B0B6-6857FCD929D2}.Debug|Any CPU.Build.0 = Debug|Any CPU
		{11929FEC-F033-41F0-B0B6-6857FCD929D2}.Release|Any CPU.ActiveCfg = Release|Any CPU
		{11929FEC-F033-41F0-B0B6-6857FCD929D2}.Release|Any CPU.Build.0 = Release|Any CPU
	EndGlobalSection
	GlobalSection(SolutionProperties) = preSolution
		HideSolutionNode = FALSE
	EndGlobalSection
	GlobalSection(ExtensibilityGlobals) = postSolution
		SolutionGuid = {DF243C72-8978-4FB0-B0AD-094364EFDC6D}
	EndGlobalSection
EndGlobal
