
Microsoft Visual Studio Solution File, Format Version 12.00
# Visual Studio Version 17
VisualStudioVersion = 17.11.35327.3
MinimumVisualStudioVersion = 10.0.40219.1
Project("{FAE04EC0-301F-11D3-BF4B-00C04F79EFBC}") = "Calculadora", "Calculadora.csproj", "{DD4CF03D-492A-46A4-8BBD-EC984FD25278}"
EndProject
Global
	GlobalSection(SolutionConfigurationPlatforms) = preSolution
		Debug|Any CPU = Debug|Any CPU
		Release|Any CPU = Release|Any CPU
	EndGlobalSection
	GlobalSection(ProjectConfigurationPlatforms) = postSolution
		{DD4CF03D-492A-46A4-8BBD-EC984FD25278}.Debug|Any CPU.ActiveCfg = Debug|Any CPU
		{DD4CF03D-492A-46A4-8BBD-EC984FD25278}.Debug|Any CPU.Build.0 = Debug|Any CPU
		{DD4CF03D-492A-46A4-8BBD-EC984FD25278}.Release|Any CPU.ActiveCfg = Release|Any CPU
		{DD4CF03D-492A-46A4-8BBD-EC984FD25278}.Release|Any CPU.Build.0 = Release|Any CPU
	EndGlobalSection
	GlobalSection(SolutionProperties) = preSolution
		HideSolutionNode = FALSE
	EndGlobalSection
	GlobalSection(ExtensibilityGlobals) = postSolution
		SolutionGuid = {D8B9F3C6-882B-423D-957F-A254F81EEC1A}
	EndGlobalSection
EndGlobal
